parameters:
  -
    in: path
    name: id
    required: true
    description: 'The page id.'
    schema:
      type: string
      format: uuid
delete:
  tags:
    - Page
  summary: 'Unlock a page by id.'
  operationId: lock_page
  responses:
    204:
      description: 'The page has been unlocked.'
    401:
      description: Unauthorized
    403:
      description: Forbidden
put:
  tags:
    - Page
  summary: 'Lock a page by id.'
  operationId: unlock_page
  responses:
    200:
      description: 'The unlocked page.'
      content:
        application/json:
          schema:
            type: object
            properties:
              data:
                $ref: ../../models/page.yml
              meta:
                type: object
    401:
      description: Unauthorized
    403:
      description: Forbidden
